
Microsoft Visual Studio Solution File, Format Version 12.00
# Visual Studio Version 16
VisualStudioVersion = 16.0.29920.165
MinimumVisualStudioVersion = 10.0.40219.1
Project("{FAE04EC0-301F-11D3-BF4B-00C04F79EFBC}") = "hello-tilt", "hello-tilt\hello-tilt.csproj", "{93FEEC91-90C7-4AE0-BD6F-8347609CF1DF}"
EndProject
Global
	GlobalSection(SolutionConfigurationPlatforms) = preSolution
		Debug|Any CPU = Debug|Any CPU
		Release|Any CPU = Release|Any CPU
	EndGlobalSection
	GlobalSection(ProjectConfigurationPlatforms) = postSolution
		{93FEEC91-90C7-4AE0-BD6F-8347609CF1DF}.Debug|Any CPU.ActiveCfg = Debug|Any CPU
		{93FEEC91-90C7-4AE0-BD6F-8347609CF1DF}.Debug|Any CPU.Build.0 = Debug|Any CPU
		{93FEEC91-90C7-4AE0-BD6F-8347609CF1DF}.Release|Any CPU.ActiveCfg = Release|Any CPU
		{93FEEC91-90C7-4AE0-BD6F-8347609CF1DF}.Release|Any CPU.Build.0 = Release|Any CPU
	EndGlobalSection
	GlobalSection(SolutionProperties) = preSolution
		HideSolutionNode = FALSE
	EndGlobalSection
	GlobalSection(ExtensibilityGlobals) = postSolution
		SolutionGuid = {F6CBB3D4-2FA5-4AE9-A822-1E20FC7A67BB}
	EndGlobalSection
EndGlobal
